
Microsoft Visual Studio Solution File, Format Version 12.00
# Visual Studio 15
VisualStudioVersion = 15.0.27428.2005
MinimumVisualStudioVersion = 10.0.40219.1
Project("{FAE04EC0-301F-11D3-BF4B-00C04F79EFBC}") = "Code128Generator", "Code128Generator\Code128Generator.csproj", "{E2C989EA-E56E-410A-808D-379BB92FE8C4}"
EndProject
Global
	GlobalSection(SolutionConfigurationPlatforms) = preSolution
		Debug|Any CPU = Debug|Any CPU
		Release|Any CPU = Release|Any CPU
	EndGlobalSection
	GlobalSection(ProjectConfigurationPlatforms) = postSolution
		{E2C989EA-E56E-410A-808D-379BB92FE8C4}.Debug|Any CPU.ActiveCfg = Debug|Any CPU
		{E2C989EA-E56E-410A-808D-379BB92FE8C4}.Debug|Any CPU.Build.0 = Debug|Any CPU
		{E2C989EA-E56E-410A-808D-379BB92FE8C4}.Release|Any CPU.ActiveCfg = Release|Any CPU
		{E2C989EA-E56E-410A-808D-379BB92FE8C4}.Release|Any CPU.Build.0 = Release|Any CPU
	EndGlobalSection
	GlobalSection(SolutionProperties) = preSolution
		HideSolutionNode = FALSE
	EndGlobalSection
	GlobalSection(ExtensibilityGlobals) = postSolution
		SolutionGuid = {C2EC9879-35B8-4C73-9F5F-A00E0221D3F2}
	EndGlobalSection
EndGlobal
